
Microsoft Visual Studio Solution File, Format Version 12.00
# Visual Studio Version 17
Project("{8BC9CEB8-8B4A-11D0-8D11-00A0C91BC942}") = "ALL_BUILD", "ALL_BUILD.vcxproj", "{813963EA-B5B2-3D8C-A8BA-377A67FE2D0C}"
	ProjectSection(ProjectDependencies) = postProject
		{C7B9252C-72D5-3500-857E-D025514FAFD2} = {C7B9252C-72D5-3500-857E-D025514FAFD2}
		{2188A7D7-EFBC-3E23-8C89-B251FD596332} = {2188A7D7-EFBC-3E23-8C89-B251FD596332}
		{A11623B4-727F-3FAF-93D6-88980D273C32} = {A11623B4-727F-3FAF-93D6-88980D273C32}
		{A774295B-F32E-3AA9-BEA4-F086056AC9F0} = {A774295B-F32E-3AA9-BEA4-F086056AC9F0}
		{18965F51-073C-394B-98F2-68293087214C} = {18965F51-073C-394B-98F2-68293087214C}
	EndProjectSection
EndProject
Project("{8BC9CEB8-8B4A-11D0-8D11-00A0C91BC942}") = "INSTALL", "INSTALL.vcxproj", "{039FE039-0FD0-3311-AF19-F2633F1E8E33}"
	ProjectSection(ProjectDependencies) = postProject
		{813963EA-B5B2-3D8C-A8BA-377A67FE2D0C} = {813963EA-B5B2-3D8C-A8BA-377A67FE2D0C}
		{C7B9252C-72D5-3500-857E-D025514FAFD2} = {C7B9252C-72D5-3500-857E-D025514FAFD2}
	EndProjectSection
EndProject
Project("{8BC9CEB8-8B4A-11D0-8D11-00A0C91BC942}") = "RUN_TESTS", "RUN_TESTS.vcxproj", "{09A74B45-D9BB-38DB-A62D-7C3ACAF1C7E5}"
	ProjectSection(ProjectDependencies) = postProject
		{C7B9252C-72D5-3500-857E-D025514FAFD2} = {C7B9252C-72D5-3500-857E-D025514FAFD2}
	EndProjectSection
EndProject
Project("{8BC9CEB8-8B4A-11D0-8D11-00A0C91BC942}") = "ZERO_CHECK", "..\\ZERO_CHECK.vcxproj", "{C7B9252C-72D5-3500-857E-D025514FAFD2}"
	ProjectSection(ProjectDependencies) = postProject
	EndProjectSection
EndProject
Project("{8BC9CEB8-8B4A-11D0-8D11-00A0C91BC942}") = "gmock", "gmock.vcxproj", "{2188A7D7-EFBC-3E23-8C89-B251FD596332}"
	ProjectSection(ProjectDependencies) = postProject
		{C7B9252C-72D5-3500-857E-D025514FAFD2} = {C7B9252C-72D5-3500-857E-D025514FAFD2}
	EndProjectSection
EndProject
Project("{8BC9CEB8-8B4A-11D0-8D11-00A0C91BC942}") = "gmock_main", "gmock_main.vcxproj", "{A11623B4-727F-3FAF-93D6-88980D273C32}"
	ProjectSection(ProjectDependencies) = postProject
		{C7B9252C-72D5-3500-857E-D025514FAFD2} = {C7B9252C-72D5-3500-857E-D025514FAFD2}
	EndProjectSection
EndProject
Project("{8BC9CEB8-8B4A-11D0-8D11-00A0C91BC942}") = "gtest", "..\googletest\gtest.vcxproj", "{A774295B-F32E-3AA9-BEA4-F086056AC9F0}"
	ProjectSection(ProjectDependencies) = postProject
		{C7B9252C-72D5-3500-857E-D025514FAFD2} = {C7B9252C-72D5-3500-857E-D025514FAFD2}
	EndProjectSection
EndProject
Project("{8BC9CEB8-8B4A-11D0-8D11-00A0C91BC942}") = "gtest_main", "..\googletest\gtest_main.vcxproj", "{18965F51-073C-394B-98F2-68293087214C}"
	ProjectSection(ProjectDependencies) = postProject
		{C7B9252C-72D5-3500-857E-D025514FAFD2} = {C7B9252C-72D5-3500-857E-D025514FAFD2}
		{A774295B-F32E-3AA9-BEA4-F086056AC9F0} = {A774295B-F32E-3AA9-BEA4-F086056AC9F0}
	EndProjectSection
EndProject
Global
	GlobalSection(SolutionConfigurationPlatforms) = preSolution
		Debug|Win32 = Debug|Win32
		Release|Win32 = Release|Win32
		MinSizeRel|Win32 = MinSizeRel|Win32
		RelWithDebInfo|Win32 = RelWithDebInfo|Win32
	EndGlobalSection
	GlobalSection(ProjectConfigurationPlatforms) = postSolution
		{813963EA-B5B2-3D8C-A8BA-377A67FE2D0C}.Debug|Win32.ActiveCfg = Debug|Win32
		{813963EA-B5B2-3D8C-A8BA-377A67FE2D0C}.Debug|Win32.Build.0 = Debug|Win32
		{813963EA-B5B2-3D8C-A8BA-377A67FE2D0C}.Release|Win32.ActiveCfg = Release|Win32
		{813963EA-B5B2-3D8C-A8BA-377A67FE2D0C}.Release|Win32.Build.0 = Release|Win32
		{813963EA-B5B2-3D8C-A8BA-377A67FE2D0C}.MinSizeRel|Win32.ActiveCfg = MinSizeRel|Win32
		{813963EA-B5B2-3D8C-A8BA-377A67FE2D0C}.MinSizeRel|Win32.Build.0 = MinSizeRel|Win32
		{813963EA-B5B2-3D8C-A8BA-377A67FE2D0C}.RelWithDebInfo|Win32.ActiveCfg = RelWithDebInfo|Win32
		{813963EA-B5B2-3D8C-A8BA-377A67FE2D0C}.RelWithDebInfo|Win32.Build.0 = RelWithDebInfo|Win32
		{039FE039-0FD0-3311-AF19-F2633F1E8E33}.Debug|Win32.ActiveCfg = Debug|Win32
		{039FE039-0FD0-3311-AF19-F2633F1E8E33}.Release|Win32.ActiveCfg = Release|Win32
		{039FE039-0FD0-3311-AF19-F2633F1E8E33}.MinSizeRel|Win32.ActiveCfg = MinSizeRel|Win32
		{039FE039-0FD0-3311-AF19-F2633F1E8E33}.RelWithDebInfo|Win32.ActiveCfg = RelWithDebInfo|Win32
		{09A74B45-D9BB-38DB-A62D-7C3ACAF1C7E5}.Debug|Win32.ActiveCfg = Debug|Win32
		{09A74B45-D9BB-38DB-A62D-7C3ACAF1C7E5}.Release|Win32.ActiveCfg = Release|Win32
		{09A74B45-D9BB-38DB-A62D-7C3ACAF1C7E5}.MinSizeRel|Win32.ActiveCfg = MinSizeRel|Win32
		{09A74B45-D9BB-38DB-A62D-7C3ACAF1C7E5}.RelWithDebInfo|Win32.ActiveCfg = RelWithDebInfo|Win32
		{C7B9252C-72D5-3500-857E-D025514FAFD2}.Debug|Win32.ActiveCfg = Debug|Win32
		{C7B9252C-72D5-3500-857E-D025514FAFD2}.Debug|Win32.Build.0 = Debug|Win32
		{C7B9252C-72D5-3500-857E-D025514FAFD2}.Release|Win32.ActiveCfg = Release|Win32
		{C7B9252C-72D5-3500-857E-D025514FAFD2}.Release|Win32.Build.0 = Release|Win32
		{C7B9252C-72D5-3500-857E-D025514FAFD2}.MinSizeRel|Win32.ActiveCfg = MinSizeRel|Win32
		{C7B9252C-72D5-3500-857E-D025514FAFD2}.MinSizeRel|Win32.Build.0 = MinSizeRel|Win32
		{C7B9252C-72D5-3500-857E-D025514FAFD2}.RelWithDebInfo|Win32.ActiveCfg = RelWithDebInfo|Win32
		{C7B9252C-72D5-3500-857E-D025514FAFD2}.RelWithDebInfo|Win32.Build.0 = RelWithDebInfo|Win32
		{2188A7D7-EFBC-3E23-8C89-B251FD596332}.Debug|Win32.ActiveCfg = Debug|Win32
		{2188A7D7-EFBC-3E23-8C89-B251FD596332}.Debug|Win32.Build.0 = Debug|Win32
		{2188A7D7-EFBC-3E23-8C89-B251FD596332}.Release|Win32.ActiveCfg = Release|Win32
		{2188A7D7-EFBC-3E23-8C89-B251FD596332}.Release|Win32.Build.0 = Release|Win32
		{2188A7D7-EFBC-3E23-8C89-B251FD596332}.MinSizeRel|Win32.ActiveCfg = MinSizeRel|Win32
		{2188A7D7-EFBC-3E23-8C89-B251FD596332}.MinSizeRel|Win32.Build.0 = MinSizeRel|Win32
		{2188A7D7-EFBC-3E23-8C89-B251FD596332}.RelWithDebInfo|Win32.ActiveCfg = RelWithDebInfo|Win32
		{2188A7D7-EFBC-3E23-8C89-B251FD596332}.RelWithDebInfo|Win32.Build.0 = RelWithDebInfo|Win32
		{A11623B4-727F-3FAF-93D6-88980D273C32}.Debug|Win32.ActiveCfg = Debug|Win32
		{A11623B4-727F-3FAF-93D6-88980D273C32}.Debug|Win32.Build.0 = Debug|Win32
		{A11623B4-727F-3FAF-93D6-88980D273C32}.Release|Win32.ActiveCfg = Release|Win32
		{A11623B4-727F-3FAF-93D6-88980D273C32}.Release|Win32.Build.0 = Release|Win32
		{A11623B4-727F-3FAF-93D6-88980D273C32}.MinSizeRel|Win32.ActiveCfg = MinSizeRel|Win32
		{A11623B4-727F-3FAF-93D6-88980D273C32}.MinSizeRel|Win32.Build.0 = MinSizeRel|Win32
		{A11623B4-727F-3FAF-93D6-88980D273C32}.RelWithDebInfo|Win32.ActiveCfg = RelWithDebInfo|Win32
		{A11623B4-727F-3FAF-93D6-88980D273C32}.RelWithDebInfo|Win32.Build.0 = RelWithDebInfo|Win32
		{A774295B-F32E-3AA9-BEA4-F086056AC9F0}.Debug|Win32.ActiveCfg = Debug|Win32
		{A774295B-F32E-3AA9-BEA4-F086056AC9F0}.Debug|Win32.Build.0 = Debug|Win32
		{A774295B-F32E-3AA9-BEA4-F086056AC9F0}.Release|Win32.ActiveCfg = Release|Win32
		{A774295B-F32E-3AA9-BEA4-F086056AC9F0}.Release|Win32.Build.0 = Release|Win32
		{A774295B-F32E-3AA9-BEA4-F086056AC9F0}.MinSizeRel|Win32.ActiveCfg = MinSizeRel|Win32
		{A774295B-F32E-3AA9-BEA4-F086056AC9F0}.MinSizeRel|Win32.Build.0 = MinSizeRel|Win32
		{A774295B-F32E-3AA9-BEA4-F086056AC9F0}.RelWithDebInfo|Win32.ActiveCfg = RelWithDebInfo|Win32
		{A774295B-F32E-3AA9-BEA4-F086056AC9F0}.RelWithDebInfo|Win32.Build.0 = RelWithDebInfo|Win32
		{18965F51-073C-394B-98F2-68293087214C}.Debug|Win32.ActiveCfg = Debug|Win32
		{18965F51-073C-394B-98F2-68293087214C}.Debug|Win32.Build.0 = Debug|Win32
		{18965F51-073C-394B-98F2-68293087214C}.Release|Win32.ActiveCfg = Release|Win32
		{18965F51-073C-394B-98F2-68293087214C}.Release|Win32.Build.0 = Release|Win32
		{18965F51-073C-394B-98F2-68293087214C}.MinSizeRel|Win32.ActiveCfg = MinSizeRel|Win32
		{18965F51-073C-394B-98F2-68293087214C}.MinSizeRel|Win32.Build.0 = MinSizeRel|Win32
		{18965F51-073C-394B-98F2-68293087214C}.RelWithDebInfo|Win32.ActiveCfg = RelWithDebInfo|Win32
		{18965F51-073C-394B-98F2-68293087214C}.RelWithDebInfo|Win32.Build.0 = RelWithDebInfo|Win32
	EndGlobalSection
	GlobalSection(ExtensibilityGlobals) = postSolution
		SolutionGuid = {19ABBBAE-5BDA-3BBE-BC6F-DB7AF7976F9A}
	EndGlobalSection
	GlobalSection(ExtensibilityAddIns) = postSolution
	EndGlobalSection
EndGlobal
